
Microsoft Visual Studio Solution File, Format Version 12.00
# Visual Studio Version 17
VisualStudioVersion = 17.0.31903.59
MinimumVisualStudioVersion = 10.0.40219.1
Project("{2150E333-8FDC-42A3-9474-1A3956D46DE8}") = "src", "src", "{502F11D7-61EA-48DF-A8F2-105361D61F83}"
EndProject
Project("{FAE04EC0-301F-11D3-BF4B-00C04F79EFBC}") = "Procurement.Orchestration", "src\Procurement.Orchestration\Procurement.Orchestration.csproj", "{05C28525-D6AF-4C84-AF78-B34164BC809A}"
EndProject
Global
	GlobalSection(SolutionConfigurationPlatforms) = preSolution
		Debug|Any CPU = Debug|Any CPU
		Release|Any CPU = Release|Any CPU
	EndGlobalSection
	GlobalSection(SolutionProperties) = preSolution
		HideSolutionNode = FALSE
	EndGlobalSection
	GlobalSection(ProjectConfigurationPlatforms) = postSolution
		{05C28525-D6AF-4C84-AF78-B34164BC809A}.Debug|Any CPU.ActiveCfg = Debug|Any CPU
		{05C28525-D6AF-4C84-AF78-B34164BC809A}.Debug|Any CPU.Build.0 = Debug|Any CPU
		{05C28525-D6AF-4C84-AF78-B34164BC809A}.Release|Any CPU.ActiveCfg = Release|Any CPU
		{05C28525-D6AF-4C84-AF78-B34164BC809A}.Release|Any CPU.Build.0 = Release|Any CPU
	EndGlobalSection
	GlobalSection(NestedProjects) = preSolution
		{05C28525-D6AF-4C84-AF78-B34164BC809A} = {502F11D7-61EA-48DF-A8F2-105361D61F83}
	EndGlobalSection
EndGlobal
